PODS:
  - CocoaLumberjack (2.0.1):
    - CocoaLumberjack/Default (= 2.0.1)
    - CocoaLumberjack/Extensions (= 2.0.1)
  - CocoaLumberjack/Core (2.0.1)
  - CocoaLumberjack/Default (2.0.1):
    - CocoaLumberjack/Core
  - CocoaLumberjack/Extensions (2.0.1):
    - CocoaLumberjack/Default
  - nighthawk-webrtc (45)

DEPENDENCIES:
  - CocoaLumberjack (~> 2.0)
  - nighthawk-webrtc (from `./nighthawk-webrtc-chrome-m45-capture-xcode.podspec`)

EXTERNAL SOURCES:
  nighthawk-webrtc:
    :podspec: "./nighthawk-webrtc-chrome-m45-capture-xcode.podspec"

SPEC CHECKSUMS:
  CocoaLumberjack: 019d1361244274a6138c788c6cb80baabc13fb8f
  nighthawk-webrtc: 5f680d8a1b9a5280a4b9cb7c4f5d75ff4130a4a2

COCOAPODS: 0.38.2
