PODS:
  - CocoaLumberjack (2.0.1):
    - CocoaLumberjack/Default (= 2.0.1)
    - CocoaLumberjack/Extensions (= 2.0.1)
  - CocoaLumberjack/Core (2.0.1)
  - CocoaLumberjack/Default (2.0.1):
    - CocoaLumberjack/Core
  - CocoaLumberjack/Extensions (2.0.1):
    - CocoaLumberjack/Default
  - gaston-nighthawk-webrtc (45)

DEPENDENCIES:
  - CocoaLumberjack (~> 2.0)
  - gaston-nighthawk-webrtc

SPEC CHECKSUMS:
  CocoaLumberjack: 019d1361244274a6138c788c6cb80baabc13fb8f
  gaston-nighthawk-webrtc: d2f1a8e2bab6ac879e340f770a66ad5777fdceb7

COCOAPODS: 0.39.0.beta.4
